
Microsoft Visual Studio Solution File, Format Version 12.00
# Visual Studio Version 17
VisualStudioVersion = 17.5.2.0
MinimumVisualStudioVersion = 10.0.40219.1
Project("{FAE04EC0-301F-11D3-BF4B-00C04F79EFBC}") = "Backend", "Backend\Backend.csproj", "{B5CEE1AB-68C5-FCEC-EA61-653FFB609ED2}"
EndProject
Project("{FAE04EC0-301F-11D3-BF4B-00C04F79EFBC}") = "Frontend", "Frontend\Frontend.csproj", "{2CD008C0-6B97-4123-BDFC-A256A1B8BA71}"
EndProject
Project("{FAE04EC0-301F-11D3-BF4B-00C04F79EFBC}") = "SharedData", "SharedData\SharedData.csproj", "{8B4E7FEE-90F1-4D93-8B44-97630093C1A9}"
EndProject
Global
	GlobalSection(SolutionConfigurationPlatforms) = preSolution
		Debug|Any CPU = Debug|Any CPU
		Debug|x64 = Debug|x64
		Debug|x86 = Debug|x86
		Release|Any CPU = Release|Any CPU
		Release|x64 = Release|x64
		Release|x86 = Release|x86
	EndGlobalSection
	GlobalSection(ProjectConfigurationPlatforms) = postSolution
		{B5CEE1AB-68C5-FCEC-EA61-653FFB609ED2}.Debug|Any CPU.ActiveCfg = Debug|Any CPU
		{B5CEE1AB-68C5-FCEC-EA61-653FFB609ED2}.Debug|Any CPU.Build.0 = Debug|Any CPU
		{B5CEE1AB-68C5-FCEC-EA61-653FFB609ED2}.Debug|x64.ActiveCfg = Debug|Any CPU
		{B5CEE1AB-68C5-FCEC-EA61-653FFB609ED2}.Debug|x64.Build.0 = Debug|Any CPU
		{B5CEE1AB-68C5-FCEC-EA61-653FFB609ED2}.Debug|x86.ActiveCfg = Debug|Any CPU
		{B5CEE1AB-68C5-FCEC-EA61-653FFB609ED2}.Debug|x86.Build.0 = Debug|Any CPU
		{B5CEE1AB-68C5-FCEC-EA61-653FFB609ED2}.Release|Any CPU.ActiveCfg = Release|Any CPU
		{B5CEE1AB-68C5-FCEC-EA61-653FFB609ED2}.Release|Any CPU.Build.0 = Release|Any CPU
		{B5CEE1AB-68C5-FCEC-EA61-653FFB609ED2}.Release|x64.ActiveCfg = Release|Any CPU
		{B5CEE1AB-68C5-FCEC-EA61-653FFB609ED2}.Release|x64.Build.0 = Release|Any CPU
		{B5CEE1AB-68C5-FCEC-EA61-653FFB609ED2}.Release|x86.ActiveCfg = Release|Any CPU
		{B5CEE1AB-68C5-FCEC-EA61-653FFB609ED2}.Release|x86.Build.0 = Release|Any CPU
		{2CD008C0-6B97-4123-BDFC-A256A1B8BA71}.Debug|Any CPU.ActiveCfg = Debug|Any CPU
		{2CD008C0-6B97-4123-BDFC-A256A1B8BA71}.Debug|Any CPU.Build.0 = Debug|Any CPU
		{2CD008C0-6B97-4123-BDFC-A256A1B8BA71}.Debug|x64.ActiveCfg = Debug|Any CPU
		{2CD008C0-6B97-4123-BDFC-A256A1B8BA71}.Debug|x64.Build.0 = Debug|Any CPU
		{2CD008C0-6B97-4123-BDFC-A256A1B8BA71}.Debug|x86.ActiveCfg = Debug|Any CPU
		{2CD008C0-6B97-4123-BDFC-A256A1B8BA71}.Debug|x86.Build.0 = Debug|Any CPU
		{2CD008C0-6B97-4123-BDFC-A256A1B8BA71}.Release|Any CPU.ActiveCfg = Release|Any CPU
		{2CD008C0-6B97-4123-BDFC-A256A1B8BA71}.Release|Any CPU.Build.0 = Release|Any CPU
		{2CD008C0-6B97-4123-BDFC-A256A1B8BA71}.Release|x64.ActiveCfg = Release|Any CPU
		{2CD008C0-6B97-4123-BDFC-A256A1B8BA71}.Release|x64.Build.0 = Release|Any CPU
		{2CD008C0-6B97-4123-BDFC-A256A1B8BA71}.Release|x86.ActiveCfg = Release|Any CPU
		{2CD008C0-6B97-4123-BDFC-A256A1B8BA71}.Release|x86.Build.0 = Release|Any CPU
		{8B4E7FEE-90F1-4D93-8B44-97630093C1A9}.Debug|Any CPU.ActiveCfg = Debug|Any CPU
		{8B4E7FEE-90F1-4D93-8B44-97630093C1A9}.Debug|Any CPU.Build.0 = Debug|Any CPU
		{8B4E7FEE-90F1-4D93-8B44-97630093C1A9}.Debug|x64.ActiveCfg = Debug|Any CPU
		{8B4E7FEE-90F1-4D93-8B44-97630093C1A9}.Debug|x64.Build.0 = Debug|Any CPU
		{8B4E7FEE-90F1-4D93-8B44-97630093C1A9}.Debug|x86.ActiveCfg = Debug|Any CPU
		{8B4E7FEE-90F1-4D93-8B44-97630093C1A9}.Debug|x86.Build.0 = Debug|Any CPU
		{8B4E7FEE-90F1-4D93-8B44-97630093C1A9}.Release|Any CPU.ActiveCfg = Release|Any CPU
		{8B4E7FEE-90F1-4D93-8B44-97630093C1A9}.Release|Any CPU.Build.0 = Release|Any CPU
		{8B4E7FEE-90F1-4D93-8B44-97630093C1A9}.Release|x64.ActiveCfg = Release|Any CPU
		{8B4E7FEE-90F1-4D93-8B44-97630093C1A9}.Release|x64.Build.0 = Release|Any CPU
		{8B4E7FEE-90F1-4D93-8B44-97630093C1A9}.Release|x86.ActiveCfg = Release|Any CPU
		{8B4E7FEE-90F1-4D93-8B44-97630093C1A9}.Release|x86.Build.0 = Release|Any CPU
	EndGlobalSection
	GlobalSection(SolutionProperties) = preSolution
		HideSolutionNode = FALSE
	EndGlobalSection
	GlobalSection(ExtensibilityGlobals) = postSolution
		SolutionGuid = {3B2852D6-8663-4337-A5BA-F3C8A38107D1}
	EndGlobalSection
EndGlobal
